
Microsoft Visual Studio Solution File, Format Version 12.00
# Visual Studio Version 17
VisualStudioVersion = 17.9.34622.214
MinimumVisualStudioVersion = 10.0.40219.1
Project("{FAE04EC0-301F-11D3-BF4B-00C04F79EFBC}") = "CapaPresentacion", "CapaPresentacion\CapaPresentacion.csproj", "{19199198-CBB4-43E5-95E7-F9C9162C52FF}"
EndProject
Project("{FAE04EC0-301F-11D3-BF4B-00C04F79EFBC}") = "CapaDatos", "CapaDatos\CapaDatos.csproj", "{339C763C-111C-4977-9046-0F85A512D403}"
EndProject
Project("{FAE04EC0-301F-11D3-BF4B-00C04F79EFBC}") = "CapaEntidad", "CapaEntidad\CapaEntidad.csproj", "{DCED45D8-3702-4EA0-9D00-46A57B71AA85}"
EndProject
Project("{FAE04EC0-301F-11D3-BF4B-00C04F79EFBC}") = "CapaDominio", "CapaDominio\CapaDominio.csproj", "{81D2AC56-C14D-41C3-AFD9-EC18010B0DA5}"
EndProject
Global
	GlobalSection(SolutionConfigurationPlatforms) = preSolution
		Debug|Any CPU = Debug|Any CPU
		Release|Any CPU = Release|Any CPU
	EndGlobalSection
	GlobalSection(ProjectConfigurationPlatforms) = postSolution
		{19199198-CBB4-43E5-95E7-F9C9162C52FF}.Debug|Any CPU.ActiveCfg = Debug|Any CPU
		{19199198-CBB4-43E5-95E7-F9C9162C52FF}.Debug|Any CPU.Build.0 = Debug|Any CPU
		{19199198-CBB4-43E5-95E7-F9C9162C52FF}.Release|Any CPU.ActiveCfg = Release|Any CPU
		{19199198-CBB4-43E5-95E7-F9C9162C52FF}.Release|Any CPU.Build.0 = Release|Any CPU
		{339C763C-111C-4977-9046-0F85A512D403}.Debug|Any CPU.ActiveCfg = Debug|Any CPU
		{339C763C-111C-4977-9046-0F85A512D403}.Debug|Any CPU.Build.0 = Debug|Any CPU
		{339C763C-111C-4977-9046-0F85A512D403}.Release|Any CPU.ActiveCfg = Release|Any CPU
		{339C763C-111C-4977-9046-0F85A512D403}.Release|Any CPU.Build.0 = Release|Any CPU
		{DCED45D8-3702-4EA0-9D00-46A57B71AA85}.Debug|Any CPU.ActiveCfg = Debug|Any CPU
		{DCED45D8-3702-4EA0-9D00-46A57B71AA85}.Debug|Any CPU.Build.0 = Debug|Any CPU
		{DCED45D8-3702-4EA0-9D00-46A57B71AA85}.Release|Any CPU.ActiveCfg = Release|Any CPU
		{DCED45D8-3702-4EA0-9D00-46A57B71AA85}.Release|Any CPU.Build.0 = Release|Any CPU
		{81D2AC56-C14D-41C3-AFD9-EC18010B0DA5}.Debug|Any CPU.ActiveCfg = Debug|Any CPU
		{81D2AC56-C14D-41C3-AFD9-EC18010B0DA5}.Debug|Any CPU.Build.0 = Debug|Any CPU
		{81D2AC56-C14D-41C3-AFD9-EC18010B0DA5}.Release|Any CPU.ActiveCfg = Release|Any CPU
		{81D2AC56-C14D-41C3-AFD9-EC18010B0DA5}.Release|Any CPU.Build.0 = Release|Any CPU
	EndGlobalSection
	GlobalSection(SolutionProperties) = preSolution
		HideSolutionNode = FALSE
	EndGlobalSection
	GlobalSection(ExtensibilityGlobals) = postSolution
		SolutionGuid = {28DB41F3-112B-4B29-B303-E941CC1D2DC3}
	EndGlobalSection
EndGlobal
